// !$*UTF8*$!
{
	archiveVersion = 1;
	classes = {
	};
	objectVersion = 56;
	objects = {

/* Begin PBXBuildFile section */
		6E48BB502B9F1D15000F2373 /* UIKitApiOfIceAndFireApp.swift in Sources */ = {isa = PBXBuildFile; fileRef = 6E48BB4F2B9F1D15000F2373 /* UIKitApiOfIceAndFireApp.swift */; };
		6E48BB522B9F1D15000F2373 /* ContentView.swift in Sources */ = {isa = PBXBuildFile; fileRef = 6E48BB512B9F1D15000F2373 /* ContentView.swift */; };
		6E48BB542B9F1D16000F2373 /* Assets.xcassets in Resources */ = {isa = PBXBuildFile; fileRef = 6E48BB532B9F1D16000F2373 /* Assets.xcassets */; };
		6E48BB572B9F1D16000F2373 /* Preview Assets.xcassets in Resources */ = {isa = PBXBuildFile; fileRef = 6E48BB562B9F1D16000F2373 /* Preview Assets.xcassets */; };
		6E48BB612B9F1D16000F2373 /* UIKitApiOfIceAndFireTests.swift in Sources */ = {isa = PBXBuildFile; fileRef = 6E48BB602B9F1D16000F2373 /* UIKitApiOfIceAndFireTests.swift */; };
		6E48BB6B2B9F1D16000F2373 /* UIKitApiOfIceAndFireUITests.swift in Sources */ = {isa = PBXBuildFile; fileRef = 6E48BB6A2B9F1D16000F2373 /* UIKitApiOfIceAndFireUITests.swift */; };
		6E48BB6D2B9F1D16000F2373 /* UIKitApiOfIceAndFireUITestsLaunchTests.swift in Sources */ = {isa = PBXBuildFile; fileRef = 6E48BB6C2B9F1D16000F2373 /* UIKitApiOfIceAndFireUITestsLaunchTests.swift */; };
/* End PBXBuildFile section */

/* Begin PBXContainerItemProxy section */
		6E48BB5D2B9F1D16000F2373 /* PBXContainerItemProxy */ = {
			isa = PBXContainerItemProxy;
			containerPortal = 6E48BB442B9F1D15000F2373 /* Project object */;
			proxyType = 1;
			remoteGlobalIDString = 6E48BB4B2B9F1D15000F2373;
			remoteInfo = UIKitApiOfIceAndFire;
		};
		6E48BB672B9F1D16000F2373 /* PBXContainerItemProxy */ = {
			isa = PBXContainerItemProxy;
			containerPortal = 6E48BB442B9F1D15000F2373 /* Project object */;
			proxyType = 1;
			remoteGlobalIDString = 6E48BB4B2B9F1D15000F2373;
			remoteInfo = UIKitApiOfIceAndFire;
		};
/* End PBXContainerItemProxy section */

/* Begin PBXFileReference section */
		6E48BB4C2B9F1D15000F2373 /* UIKitApiOfIceAndFire.app */ = {isa = PBXFileReference; explicitFileType = wrapper.application; includeInIndex = 0; path = UIKitApiOfIceAndFire.app; sourceTree = BUILT_PRODUCTS_DIR; };
		6E48BB4F2B9F1D15000F2373 /* UIKitApiOfIceAndFireApp.swift */ = {isa = PBXFileReference; lastKnownFileType = sourcecode.swift; path = UIKitApiOfIceAndFireApp.swift; sourceTree = "<group>"; };
		6E48BB512B9F1D15000F2373 /* ContentView.swift */ = {isa = PBXFileReference; lastKnownFileType = sourcecode.swift; path = ContentView.swift; sourceTree = "<group>"; };
		6E48BB532B9F1D16000F2373 /* Assets.xcassets */ = {isa = PBXFileReference; lastKnownFileType = folder.assetcatalog; path = Assets.xcassets; sourceTree = "<group>"; };
		6E48BB562B9F1D16000F2373 /* Preview Assets.xcassets */ = {isa = PBXFileReference; lastKnownFileType = folder.assetcatalog; path = "Preview Assets.xcassets"; sourceTree = "<group>"; };
		6E48BB5C2B9F1D16000F2373 /* UIKitApiOfIceAndFireTests.xctest */ = {isa = PBXFileReference; explicitFileType = wrapper.cfbundle; includeInIndex = 0; path = UIKitApiOfIceAndFireTests.xctest; sourceTree = BUILT_PRODUCTS_DIR; };
		6E48BB602B9F1D16000F2373 /* UIKitApiOfIceAndFireTests.swift */ = {isa = PBXFileReference; lastKnownFileType = sourcecode.swift; path = UIKitApiOfIceAndFireTests.swift; sourceTree = "<group>"; };
		6E48BB662B9F1D16000F2373 /* UIKitApiOfIceAndFireUITests.xctest */ = {isa = PBXFileReference; explicitFileType = wrapper.cfbundle; includeInIndex = 0; path = UIKitApiOfIceAndFireUITests.xctest; sourceTree = BUILT_PRODUCTS_DIR; };
		6E48BB6A2B9F1D16000F2373 /* UIKitApiOfIceAndFireUITests.swift */ = {isa = PBXFileReference; lastKnownFileType = sourcecode.swift; path = UIKitApiOfIceAndFireUITests.swift; sourceTree = "<group>"; };
		6E48BB6C2B9F1D16000F2373 /* UIKitApiOfIceAndFireUITestsLaunchTests.swift */ = {isa = PBXFileReference; lastKnownFileType = sourcecode.swift; path = UIKitApiOfIceAndFireUITestsLaunchTests.swift; sourceTree = "<group>"; };
/* End PBXFileReference section */

/* Begin PBXFrameworksBuildPhase section */
		6E48BB492B9F1D15000F2373 /* Frameworks */ = {
			isa = PBXFrameworksBuildPhase;
			buildActionMask = 2147483647;
			files = (
			);
			runOnlyForDeploymentPostprocessing = 0;
		};
		6E48BB592B9F1D16000F2373 /* Frameworks */ = {
			isa = PBXFrameworksBuildPhase;
			buildActionMask = 2147483647;
			files = (
			);
			runOnlyForDeploymentPostprocessing = 0;
		};
		6E48BB632B9F1D16000F2373 /* Frameworks */ = {
			isa = PBXFrameworksBuildPhase;
			buildActionMask = 2147483647;
			files = (
			);
			runOnlyForDeploymentPostprocessing = 0;
		};
/* End PBXFrameworksBuildPhase section */

/* Begin PBXGroup section */
		6E48BB432B9F1D15000F2373 = {
			isa = PBXGroup;
			children = (
				6E48BB4E2B9F1D15000F2373 /* UIKitApiOfIceAndFire */,
				6E48BB5F2B9F1D16000F2373 /* UIKitApiOfIceAndFireTests */,
				6E48BB692B9F1D16000F2373 /* UIKitApiOfIceAndFireUITests */,
				6E48BB4D2B9F1D15000F2373 /* Products */,
			);
			sourceTree = "<group>";
		};
		6E48BB4D2B9F1D15000F2373 /* Products */ = {
			isa = PBXGroup;
			children = (
				6E48BB4C2B9F1D15000F2373 /* UIKitApiOfIceAndFire.app */,
				6E48BB5C2B9F1D16000F2373 /* UIKitApiOfIceAndFireTests.xctest */,
				6E48BB662B9F1D16000F2373 /* UIKitApiOfIceAndFireUITests.xctest */,
			);
			name = Products;
			sourceTree = "<group>";
		};
		6E48BB4E2B9F1D15000F2373 /* UIKitApiOfIceAndFire */ = {
			isa = PBXGroup;
			children = (
				6E48BB512B9F1D15000F2373 /* ContentView.swift */,
				6E48BB4F2B9F1D15000F2373 /* UIKitApiOfIceAndFireApp.swift */,
				6E48BB532B9F1D16000F2373 /* Assets.xcassets */,
				6E48BB552B9F1D16000F2373 /* Preview Content */,
			);
			path = UIKitApiOfIceAndFire;
			sourceTree = "<group>";
		};
		6E48BB552B9F1D16000F2373 /* Preview Content */ = {
			isa = PBXGroup;
			children = (
				6E48BB562B9F1D16000F2373 /* Preview Assets.xcassets */,
			);
			path = "Preview Content";
			sourceTree = "<group>";
		};
		6E48BB5F2B9F1D16000F2373 /* UIKitApiOfIceAndFireTests */ = {
			isa = PBXGroup;
			children = (
				6E48BB602B9F1D16000F2373 /* UIKitApiOfIceAndFireTests.swift */,
			);
			path = UIKitApiOfIceAndFireTests;
			sourceTree = "<group>";
		};
		6E48BB692B9F1D16000F2373 /* UIKitApiOfIceAndFireUITests */ = {
			isa = PBXGroup;
			children = (
				6E48BB6A2B9F1D16000F2373 /* UIKitApiOfIceAndFireUITests.swift */,
				6E48BB6C2B9F1D16000F2373 /* UIKitApiOfIceAndFireUITestsLaunchTests.swift */,
			);
			path = UIKitApiOfIceAndFireUITests;
			sourceTree = "<group>";
		};
/* End PBXGroup section */

/* Begin PBXNativeTarget section */
		6E48BB4B2B9F1D15000F2373 /* UIKitApiOfIceAndFire */ = {
			isa = PBXNativeTarget;
			buildConfigurationList = 6E48BB702B9F1D16000F2373 /* Build configuration list for PBXNativeTarget "UIKitApiOfIceAndFire" */;
			buildPhases = (
				6E48BB482B9F1D15000F2373 /* Sources */,
				6E48BB492B9F1D15000F2373 /* Frameworks */,
				6E48BB4A2B9F1D15000F2373 /* Resources */,
			);
			buildRules = (
			);
			dependencies = (
			);
			name = UIKitApiOfIceAndFire;
			productName = UIKitApiOfIceAndFire;
			productReference = 6E48BB4C2B9F1D15000F2373 /* UIKitApiOfIceAndFire.app */;
			productType = "com.apple.product-type.application";
		};
		6E48BB5B2B9F1D16000F2373 /* UIKitApiOfIceAndFireTests */ = {
			isa = PBXNativeTarget;
			buildConfigurationList = 6E48BB732B9F1D16000F2373 /* Build configuration list for PBXNativeTarget "UIKitApiOfIceAndFireTests" */;
			buildPhases = (
				6E48BB582B9F1D16000F2373 /* Sources */,
				6E48BB592B9F1D16000F2373 /* Frameworks */,
				6E48BB5A2B9F1D16000F2373 /* Resources */,
			);
			buildRules = (
			);
			dependencies = (
				6E48BB5E2B9F1D16000F2373 /* PBXTargetDependency */,
			);
			name = UIKitApiOfIceAndFireTests;
			productName = UIKitApiOfIceAndFireTests;
			productReference = 6E48BB5C2B9F1D16000F2373 /* UIKitApiOfIceAndFireTests.xctest */;
			productType = "com.apple.product-type.bundle.unit-test";
		};
		6E48BB652B9F1D16000F2373 /* UIKitApiOfIceAndFireUITests */ = {
			isa = PBXNativeTarget;
			buildConfigurationList = 6E48BB762B9F1D16000F2373 /* Build configuration list for PBXNativeTarget "UIKitApiOfIceAndFireUITests" */;
			buildPhases = (
				6E48BB622B9F1D16000F2373 /* Sources */,
				6E48BB632B9F1D16000F2373 /* Frameworks */,
				6E48BB642B9F1D16000F2373 /* Resources */,
			);
			buildRules = (
			);
			dependencies = (
				6E48BB682B9F1D16000F2373 /* PBXTargetDependency */,
			);
			name = UIKitApiOfIceAndFireUITests;
			productName = UIKitApiOfIceAndFireUITests;
			productReference = 6E48BB662B9F1D16000F2373 /* UIKitApiOfIceAndFireUITests.xctest */;
			productType = "com.apple.product-type.bundle.ui-testing";
		};
/* End PBXNativeTarget section */

/* Begin PBXProject section */
		6E48BB442B9F1D15000F2373 /* Project object */ = {
			isa = PBXProject;
			attributes = {
				BuildIndependentTargetsInParallel = 1;
				LastSwiftUpdateCheck = 1520;
				LastUpgradeCheck = 1520;
				TargetAttributes = {
					6E48BB4B2B9F1D15000F2373 = {
						CreatedOnToolsVersion = 15.2;
					};
					6E48BB5B2B9F1D16000F2373 = {
						CreatedOnToolsVersion = 15.2;
						TestTargetID = 6E48BB4B2B9F1D15000F2373;
					};
					6E48BB652B9F1D16000F2373 = {
						CreatedOnToolsVersion = 15.2;
						TestTargetID = 6E48BB4B2B9F1D15000F2373;
					};
				};
			};
			buildConfigurationList = 6E48BB472B9F1D15000F2373 /* Build configuration list for PBXProject "UIKitApiOfIceAndFire" */;
			compatibilityVersion = "Xcode 14.0";
			developmentRegion = en;
			hasScannedForEncodings = 0;
			knownRegions = (
				en,
				Base,
			);
			mainGroup = 6E48BB432B9F1D15000F2373;
			productRefGroup = 6E48BB4D2B9F1D15000F2373 /* Products */;
			projectDirPath = "";
			projectRoot = "";
			targets = (
				6E48BB4B2B9F1D15000F2373 /* UIKitApiOfIceAndFire */,
				6E48BB5B2B9F1D16000F2373 /* UIKitApiOfIceAndFireTests */,
				6E48BB652B9F1D16000F2373 /* UIKitApiOfIceAndFireUITests */,
			);
		};
/* End PBXProject section */

/* Begin PBXResourcesBuildPhase section */
		6E48BB4A2B9F1D15000F2373 /* Resources */ = {
			isa = PBXResourcesBuildPhase;
			buildActionMask = 2147483647;
			files = (
				6E48BB572B9F1D16000F2373 /* Preview Assets.xcassets in Resources */,
				6E48BB542B9F1D16000F2373 /* Assets.xcassets in Resources */,
			);
			runOnlyForDeploymentPostprocessing = 0;
		};
		6E48BB5A2B9F1D16000F2373 /* Resources */ = {
			isa = PBXResourcesBuildPhase;
			buildActionMask = 2147483647;
			files = (
			);
			runOnlyForDeploymentPostprocessing = 0;
		};
		6E48BB642B9F1D16000F2373 /* Resources */ = {
			isa = PBXResourcesBuildPhase;
			buildActionMask = 2147483647;
			files = (
			);
			runOnlyForDeploymentPostprocessing = 0;
		};
/* End PBXResourcesBuildPhase section */

/* Begin PBXSourcesBuildPhase section */
		6E48BB482B9F1D15000F2373 /* Sources */ = {
			isa = PBXSourcesBuildPhase;
			buildActionMask = 2147483647;
			files = (
				6E48BB522B9F1D15000F2373 /* ContentView.swift in Sources */,
				6E48BB502B9F1D15000F2373 /* UIKitApiOfIceAndFireApp.swift in Sources */,
			);
			runOnlyForDeploymentPostprocessing = 0;
		};
		6E48BB582B9F1D16000F2373 /* Sources */ = {
			isa = PBXSourcesBuildPhase;
			buildActionMask = 2147483647;
			files = (
				6E48BB612B9F1D16000F2373 /* UIKitApiOfIceAndFireTests.swift in Sources */,
			);
			runOnlyForDeploymentPostprocessing = 0;
		};
		6E48BB622B9F1D16000F2373 /* Sources */ = {
			isa = PBXSourcesBuildPhase;
			buildActionMask = 2147483647;
			files = (
				6E48BB6B2B9F1D16000F2373 /* UIKitApiOfIceAndFireUITests.swift in Sources */,
				6E48BB6D2B9F1D16000F2373 /* UIKitApiOfIceAndFireUITestsLaunchTests.swift in Sources */,
			);
			runOnlyForDeploymentPostprocessing = 0;
		};
/* End PBXSourcesBuildPhase section */

/* Begin PBXTargetDependency section */
		6E48BB5E2B9F1D16000F2373 /* PBXTargetDependency */ = {
			isa = PBXTargetDependency;
			target = 6E48BB4B2B9F1D15000F2373 /* UIKitApiOfIceAndFire */;
			targetProxy = 6E48BB5D2B9F1D16000F2373 /* PBXContainerItemProxy */;
		};
		6E48BB682B9F1D16000F2373 /* PBXTargetDependency */ = {
			isa = PBXTargetDependency;
			target = 6E48BB4B2B9F1D15000F2373 /* UIKitApiOfIceAndFire */;
			targetProxy = 6E48BB672B9F1D16000F2373 /* PBXContainerItemProxy */;
		};
/* End PBXTargetDependency section */

/* Begin XCBuildConfiguration section */
		6E48BB6E2B9F1D16000F2373 /* Debug */ = {
			isa = XCBuildConfiguration;
			buildSettings = {
				ALWAYS_SEARCH_USER_PATHS = NO;
				ASSETCATALOG_COMPILER_GENERATE_SWIFT_ASSET_SYMBOL_EXTENSIONS = YES;
				CLANG_ANALYZER_NONNULL = YES;
				CLANG_ANALYZER_NUMBER_OBJECT_CONVERSION = YES_AGGRESSIVE;
				CLANG_CXX_LANGUAGE_STANDARD = "gnu++20";
				CLANG_ENABLE_MODULES = YES;
				CLANG_ENABLE_OBJC_ARC = YES;
				CLANG_ENABLE_OBJC_WEAK = YES;
				CLANG_WARN_BLOCK_CAPTURE_AUTORELEASING = YES;
				CLANG_WARN_BOOL_CONVERSION = YES;
				CLANG_WARN_COMMA = YES;
				CLANG_WARN_CONSTANT_CONVERSION = YES;
				CLANG_WARN_DEPRECATED_OBJC_IMPLEMENTATIONS = YES;
				CLANG_WARN_DIRECT_OBJC_ISA_USAGE = YES_ERROR;
				CLANG_WARN_DOCUMENTATION_COMMENTS = YES;
				CLANG_WARN_EMPTY_BODY = YES;
				CLANG_WARN_ENUM_CONVERSION = YES;
				CLANG_WARN_INFINITE_RECURSION = YES;
				CLANG_WARN_INT_CONVERSION = YES;
				CLANG_WARN_NON_LITERAL_NULL_CONVERSION = YES;
				CLANG_WARN_OBJC_IMPLICIT_RETAIN_SELF = YES;
				CLANG_WARN_OBJC_LITERAL_CONVERSION = YES;
				CLANG_WARN_OBJC_ROOT_CLASS = YES_ERROR;
				CLANG_WARN_QUOTED_INCLUDE_IN_FRAMEWORK_HEADER = YES;
				CLANG_WARN_RANGE_LOOP_ANALYSIS = YES;
				CLANG_WARN_STRICT_PROTOTYPES = YES;
				CLANG_WARN_SUSPICIOUS_MOVE = YES;
				CLANG_WARN_UNGUARDED_AVAILABILITY = YES_AGGRESSIVE;
				CLANG_WARN_UNREACHABLE_CODE = YES;
				CLANG_WARN__DUPLICATE_METHOD_MATCH = YES;
				COPY_PHASE_STRIP = NO;
				DEBUG_INFORMATION_FORMAT = dwarf;
				ENABLE_STRICT_OBJC_MSGSEND = YES;
				ENABLE_TESTABILITY = YES;
				ENABLE_USER_SCRIPT_SANDBOXING = YES;
				GCC_C_LANGUAGE_STANDARD = gnu17;
				GCC_DYNAMIC_NO_PIC = NO;
				GCC_NO_COMMON_BLOCKS = YES;
				GCC_OPTIMIZATION_LEVEL = 0;
				GCC_PREPROCESSOR_DEFINITIONS = (
					"DEBUG=1",
					"$(inherited)",
				);
				GCC_WARN_64_TO_32_BIT_CONVERSION = YES;
				GCC_WARN_ABOUT_RETURN_TYPE = YES_ERROR;
				GCC_WARN_UNDECLARED_SELECTOR = YES;
				GCC_WARN_UNINITIALIZED_AUTOS = YES_AGGRESSIVE;
				GCC_WARN_UNUSED_FUNCTION = YES;
				GCC_WARN_UNUSED_VARIABLE = YES;
				IPHONEOS_DEPLOYMENT_TARGET = 17.2;
				LOCALIZATION_PREFERS_STRING_CATALOGS = YES;
				MTL_ENABLE_DEBUG_INFO = INCLUDE_SOURCE;
				MTL_FAST_MATH = YES;
				ONLY_ACTIVE_ARCH = YES;
				SDKROOT = iphoneos;
				SWIFT_ACTIVE_COMPILATION_CONDITIONS = "DEBUG $(inherited)";
				SWIFT_OPTIMIZATION_LEVEL = "-Onone";
			};
			name = Debug;
		};
		6E48BB6F2B9F1D16000F2373 /* Release */ = {
			isa = XCBuildConfiguration;
			buildSettings = {
				ALWAYS_SEARCH_USER_PATHS = NO;
				ASSETCATALOG_COMPILER_GENERATE_SWIFT_ASSET_SYMBOL_EXTENSIONS = YES;
				CLANG_ANALYZER_NONNULL = YES;
				CLANG_ANALYZER_NUMBER_OBJECT_CONVERSION = YES_AGGRESSIVE;
				CLANG_CXX_LANGUAGE_STANDARD = "gnu++20";
				CLANG_ENABLE_MODULES = YES;
				CLANG_ENABLE_OBJC_ARC = YES;
				CLANG_ENABLE_OBJC_WEAK = YES;
				CLANG_WARN_BLOCK_CAPTURE_AUTORELEASING = YES;
				CLANG_WARN_BOOL_CONVERSION = YES;
				CLANG_WARN_COMMA = YES;
				CLANG_WARN_CONSTANT_CONVERSION = YES;
				CLANG_WARN_DEPRECATED_OBJC_IMPLEMENTATIONS = YES;
				CLANG_WARN_DIRECT_OBJC_ISA_USAGE = YES_ERROR;
				CLANG_WARN_DOCUMENTATION_COMMENTS = YES;
				CLANG_WARN_EMPTY_BODY = YES;
				CLANG_WARN_ENUM_CONVERSION = YES;
				CLANG_WARN_INFINITE_RECURSION = YES;
				CLANG_WARN_INT_CONVERSION = YES;
				CLANG_WARN_NON_LITERAL_NULL_CONVERSION = YES;
				CLANG_WARN_OBJC_IMPLICIT_RETAIN_SELF = YES;
				CLANG_WARN_OBJC_LITERAL_CONVERSION = YES;
				CLANG_WARN_OBJC_ROOT_CLASS = YES_ERROR;
				CLANG_WARN_QUOTED_INCLUDE_IN_FRAMEWORK_HEADER = YES;
				CLANG_WARN_RANGE_LOOP_ANALYSIS = YES;
				CLANG_WARN_STRICT_PROTOTYPES = YES;
				CLANG_WARN_SUSPICIOUS_MOVE = YES;
				CLANG_WARN_UNGUARDED_AVAILABILITY = YES_AGGRESSIVE;
				CLANG_WARN_UNREACHABLE_CODE = YES;
				CLANG_WARN__DUPLICATE_METHOD_MATCH = YES;
				COPY_PHASE_STRIP = NO;
				DEBUG_INFORMATION_FORMAT = "dwarf-with-dsym";
				ENABLE_NS_ASSERTIONS = NO;
				ENABLE_STRICT_OBJC_MSGSEND = YES;
				ENABLE_USER_SCRIPT_SANDBOXING = YES;
				GCC_C_LANGUAGE_STANDARD = gnu17;
				GCC_NO_COMMON_BLOCKS = YES;
				GCC_WARN_64_TO_32_BIT_CONVERSION = YES;
				GCC_WARN_ABOUT_RETURN_TYPE = YES_ERROR;
				GCC_WARN_UNDECLARED_SELECTOR = YES;
				GCC_WARN_UNINITIALIZED_AUTOS = YES_AGGRESSIVE;
				GCC_WARN_UNUSED_FUNCTION = YES;
				GCC_WARN_UNUSED_VARIABLE = YES;
				IPHONEOS_DEPLOYMENT_TARGET = 17.2;
				LOCALIZATION_PREFERS_STRING_CATALOGS = YES;
				MTL_ENABLE_DEBUG_INFO = NO;
				MTL_FAST_MATH = YES;
				SDKROOT = iphoneos;
				SWIFT_COMPILATION_MODE = wholemodule;
				VALIDATE_PRODUCT = YES;
			};
			name = Release;
		};
		6E48BB712B9F1D16000F2373 /* Debug */ = {
			isa = XCBuildConfiguration;
			buildSettings = {
				ASSETCATALOG_COMPILER_APPICON_NAME = AppIcon;
				ASSETCATALOG_COMPILER_GLOBAL_ACCENT_COLOR_NAME = AccentColor;
				CODE_SIGN_STYLE = Automatic;
				CURRENT_PROJECT_VERSION = 1;
				DEVELOPMENT_ASSET_PATHS = "\"UIKitApiOfIceAndFire/Preview Content\"";
				DEVELOPMENT_TEAM = QDUTEX33CU;
				ENABLE_PREVIEWS = YES;
				GENERATE_INFOPLIST_FILE = YES;
				INFOPLIST_KEY_UIApplicationSceneManifest_Generation = YES;
				INFOPLIST_KEY_UIApplicationSupportsIndirectInputEvents = YES;
				INFOPLIST_KEY_UILaunchScreen_Generation = YES;
				INFOPLIST_KEY_UISupportedInterfaceOrientations_iPad = "UIInterfaceOrientationPortrait UIInterfaceOrientationPortraitUpsideDown UIInterfaceOrientationLandscapeLeft UIInterfaceOrientationLandscapeRight";
				INFOPLIST_KEY_UISupportedInterfaceOrientations_iPhone = "UIInterfaceOrientationPortrait UIInterfaceOrientationLandscapeLeft UIInterfaceOrientationLandscapeRight";
				LD_RUNPATH_SEARCH_PATHS = (
					"$(inherited)",
					"@executable_path/Frameworks",
				);
				MARKETING_VERSION = 1.0;
				PRODUCT_BUNDLE_IDENTIFIER = com.matthiaszarzecki.UIKitApiOfIceAndFire;
				PRODUCT_NAME = "$(TARGET_NAME)";
				SWIFT_EMIT_LOC_STRINGS = YES;
				SWIFT_VERSION = 5.0;
				TARGETED_DEVICE_FAMILY = "1,2";
			};
			name = Debug;
		};
		6E48BB722B9F1D16000F2373 /* Release */ = {
			isa = XCBuildConfiguration;
			buildSettings = {
				ASSETCATALOG_COMPILER_APPICON_NAME = AppIcon;
				ASSETCATALOG_COMPILER_GLOBAL_ACCENT_COLOR_NAME = AccentColor;
				CODE_SIGN_STYLE = Automatic;
				CURRENT_PROJECT_VERSION = 1;
				DEVELOPMENT_ASSET_PATHS = "\"UIKitApiOfIceAndFire/Preview Content\"";
				DEVELOPMENT_TEAM = QDUTEX33CU;
				ENABLE_PREVIEWS = YES;
				GENERATE_INFOPLIST_FILE = YES;
				INFOPLIST_KEY_UIApplicationSceneManifest_Generation = YES;
				INFOPLIST_KEY_UIApplicationSupportsIndirectInputEvents = YES;
				INFOPLIST_KEY_UILaunchScreen_Generation = YES;
				INFOPLIST_KEY_UISupportedInterfaceOrientations_iPad = "UIInterfaceOrientationPortrait UIInterfaceOrientationPortraitUpsideDown UIInterfaceOrientationLandscapeLeft UIInterfaceOrientationLandscapeRight";
				INFOPLIST_KEY_UISupportedInterfaceOrientations_iPhone = "UIInterfaceOrientationPortrait UIInterfaceOrientationLandscapeLeft UIInterfaceOrientationLandscapeRight";
				LD_RUNPATH_SEARCH_PATHS = (
					"$(inherited)",
					"@executable_path/Frameworks",
				);
				MARKETING_VERSION = 1.0;
				PRODUCT_BUNDLE_IDENTIFIER = com.matthiaszarzecki.UIKitApiOfIceAndFire;
				PRODUCT_NAME = "$(TARGET_NAME)";
				SWIFT_EMIT_LOC_STRINGS = YES;
				SWIFT_VERSION = 5.0;
				TARGETED_DEVICE_FAMILY = "1,2";
			};
			name = Release;
		};
		6E48BB742B9F1D16000F2373 /* Debug */ = {
			isa = XCBuildConfiguration;
			buildSettings = {
				ALWAYS_EMBED_SWIFT_STANDARD_LIBRARIES = YES;
				BUNDLE_LOADER = "$(TEST_HOST)";
				CODE_SIGN_STYLE = Automatic;
				CURRENT_PROJECT_VERSION = 1;
				DEVELOPMENT_TEAM = QDUTEX33CU;
				GENERATE_INFOPLIST_FILE = YES;
				IPHONEOS_DEPLOYMENT_TARGET = 17.2;
				MARKETING_VERSION = 1.0;
				PRODUCT_BUNDLE_IDENTIFIER = com.matthiaszarzecki.UIKitApiOfIceAndFireTests;
				PRODUCT_NAME = "$(TARGET_NAME)";
				SWIFT_EMIT_LOC_STRINGS = NO;
				SWIFT_VERSION = 5.0;
				TARGETED_DEVICE_FAMILY = "1,2";
				TEST_HOST = "$(BUILT_PRODUCTS_DIR)/UIKitApiOfIceAndFire.app/$(BUNDLE_EXECUTABLE_FOLDER_PATH)/UIKitApiOfIceAndFire";
			};
			name = Debug;
		};
		6E48BB752B9F1D16000F2373 /* Release */ = {
			isa = XCBuildConfiguration;
			buildSettings = {
				ALWAYS_EMBED_SWIFT_STANDARD_LIBRARIES = YES;
				BUNDLE_LOADER = "$(TEST_HOST)";
				CODE_SIGN_STYLE = Automatic;
				CURRENT_PROJECT_VERSION = 1;
				DEVELOPMENT_TEAM = QDUTEX33CU;
				GENERATE_INFOPLIST_FILE = YES;
				IPHONEOS_DEPLOYMENT_TARGET = 17.2;
				MARKETING_VERSION = 1.0;
				PRODUCT_BUNDLE_IDENTIFIER = com.matthiaszarzecki.UIKitApiOfIceAndFireTests;
				PRODUCT_NAME = "$(TARGET_NAME)";
				SWIFT_EMIT_LOC_STRINGS = NO;
				SWIFT_VERSION = 5.0;
				TARGETED_DEVICE_FAMILY = "1,2";
				TEST_HOST = "$(BUILT_PRODUCTS_DIR)/UIKitApiOfIceAndFire.app/$(BUNDLE_EXECUTABLE_FOLDER_PATH)/UIKitApiOfIceAndFire";
			};
			name = Release;
		};
		6E48BB772B9F1D16000F2373 /* Debug */ = {
			isa = XCBuildConfiguration;
			buildSettings = {
				ALWAYS_EMBED_SWIFT_STANDARD_LIBRARIES = YES;
				CODE_SIGN_STYLE = Automatic;
				CURRENT_PROJECT_VERSION = 1;
				DEVELOPMENT_TEAM = QDUTEX33CU;
				GENERATE_INFOPLIST_FILE = YES;
				MARKETING_VERSION = 1.0;
				PRODUCT_BUNDLE_IDENTIFIER = com.matthiaszarzecki.UIKitApiOfIceAndFireUITests;
				PRODUCT_NAME = "$(TARGET_NAME)";
				SWIFT_EMIT_LOC_STRINGS = NO;
				SWIFT_VERSION = 5.0;
				TARGETED_DEVICE_FAMILY = "1,2";
				TEST_TARGET_NAME = UIKitApiOfIceAndFire;
			};
			name = Debug;
		};
		6E48BB782B9F1D16000F2373 /* Release */ = {
			isa = XCBuildConfiguration;
			buildSettings = {
				ALWAYS_EMBED_SWIFT_STANDARD_LIBRARIES = YES;
				CODE_SIGN_STYLE = Automatic;
				CURRENT_PROJECT_VERSION = 1;
				DEVELOPMENT_TEAM = QDUTEX33CU;
				GENERATE_INFOPLIST_FILE = YES;
				MARKETING_VERSION = 1.0;
				PRODUCT_BUNDLE_IDENTIFIER = com.matthiaszarzecki.UIKitApiOfIceAndFireUITests;
				PRODUCT_NAME = "$(TARGET_NAME)";
				SWIFT_EMIT_LOC_STRINGS = NO;
				SWIFT_VERSION = 5.0;
				TARGETED_DEVICE_FAMILY = "1,2";
				TEST_TARGET_NAME = UIKitApiOfIceAndFire;
			};
			name = Release;
		};
/* End XCBuildConfiguration section */

/* Begin XCConfigurationList section */
		6E48BB472B9F1D15000F2373 /* Build configuration list for PBXProject "UIKitApiOfIceAndFire" */ = {
			isa = XCConfigurationList;
			buildConfigurations = (
				6E48BB6E2B9F1D16000F2373 /* Debug */,
				6E48BB6F2B9F1D16000F2373 /* Release */,
			);
			defaultConfigurationIsVisible = 0;
			defaultConfigurationName = Release;
		};
		6E48BB702B9F1D16000F2373 /* Build configuration list for PBXNativeTarget "UIKitApiOfIceAndFire" */ = {
			isa = XCConfigurationList;
			buildConfigurations = (
				6E48BB712B9F1D16000F2373 /* Debug */,
				6E48BB722B9F1D16000F2373 /* Release */,
			);
			defaultConfigurationIsVisible = 0;
			defaultConfigurationName = Release;
		};
		6E48BB732B9F1D16000F2373 /* Build configuration list for PBXNativeTarget "UIKitApiOfIceAndFireTests" */ = {
			isa = XCConfigurationList;
			buildConfigurations = (
				6E48BB742B9F1D16000F2373 /* Debug */,
				6E48BB752B9F1D16000F2373 /* Release */,
			);
			defaultConfigurationIsVisible = 0;
			defaultConfigurationName = Release;
		};
		6E48BB762B9F1D16000F2373 /* Build configuration list for PBXNativeTarget "UIKitApiOfIceAndFireUITests" */ = {
			isa = XCConfigurationList;
			buildConfigurations = (
				6E48BB772B9F1D16000F2373 /* Debug */,
				6E48BB782B9F1D16000F2373 /* Release */,
			);
			defaultConfigurationIsVisible = 0;
			defaultConfigurationName = Release;
		};
/* End XCConfigurationList section */
	};
	rootObject = 6E48BB442B9F1D15000F2373 /* Project object */;
}
